
Microsoft Visual Studio Solution File, Format Version 12.00
# Visual Studio Version 16
VisualStudioVersion = 16.0.30104.148
MinimumVisualStudioVersion = 10.0.40219.1
Project("{FAE04EC0-301F-11D3-BF4B-00C04F79EFBC}") = "finalPractice", "finalPractice\finalPractice.csproj", "{B7C114AF-7A64-4930-9ACF-11DA7C76D096}"
EndProject
Global
	GlobalSection(SolutionConfigurationPlatforms) = preSolution
		Debug|Any CPU = Debug|Any CPU
		Release|Any CPU = Release|Any CPU
	EndGlobalSection
	GlobalSection(ProjectConfigurationPlatforms) = postSolution
		{B7C114AF-7A64-4930-9ACF-11DA7C76D096}.Debug|Any CPU.ActiveCfg = Debug|Any CPU
		{B7C114AF-7A64-4930-9ACF-11DA7C76D096}.Debug|Any CPU.Build.0 = Debug|Any CPU
		{B7C114AF-7A64-4930-9ACF-11DA7C76D096}.Release|Any CPU.ActiveCfg = Release|Any CPU
		{B7C114AF-7A64-4930-9ACF-11DA7C76D096}.Release|Any CPU.Build.0 = Release|Any CPU
	EndGlobalSection
	GlobalSection(SolutionProperties) = preSolution
		HideSolutionNode = FALSE
	EndGlobalSection
	GlobalSection(ExtensibilityGlobals) = postSolution
		SolutionGuid = {DE21837E-347F-4293-9914-A71921A3DF7E}
	EndGlobalSection
EndGlobal
